
Microsoft Visual Studio Solution File, Format Version 12.00
# Visual Studio Version 17
VisualStudioVersion = 17.2.32802.462
MinimumVisualStudioVersion = 10.0.40219.1
Project("{FAE04EC0-301F-11D3-BF4B-00C04F79EFBC}") = "HarmonyHelper", "HarmonyHelper\HarmonyHelper.csproj", "{F86BA6D3-823E-4F2B-A602-1817F6A3DC54}"
EndProject
Project("{FAE04EC0-301F-11D3-BF4B-00C04F79EFBC}") = "HarmonyHelper.Tests", "HarmonyHelper.Tests\HarmonyHelper.Tests.csproj", "{A179EA40-2903-4DC9-8C6A-744694961245}"
EndProject
Project("{9A19103F-16F7-4668-BE54-9A1E7A4F7556}") = "HarmonyHelper.web", "HarmonyHelper.web\HarmonyHelper.web.csproj", "{2299CCFD-418C-4A44-8BC1-1DBDAA4F346B}"
EndProject
Project("{FAE04EC0-301F-11D3-BF4B-00C04F79EFBC}") = "HarmonyHelper.TypeScriptGenerator", "HarmonyHelper.TypeScriptGenerator\HarmonyHelper.TypeScriptGenerator.csproj", "{3C1E28FD-EA28-45F8-A6E6-C19437CC80AD}"
EndProject
Project("{FAE04EC0-301F-11D3-BF4B-00C04F79EFBC}") = "HarmonyHelper.wpf", "HarmonyHelper.wpf\HarmonyHelper.wpf.csproj", "{7F154835-ADF7-4E03-9BAB-99CF8C64BD5B}"
EndProject
Project("{FAE04EC0-301F-11D3-BF4B-00C04F79EFBC}") = "HarmornyHelper.forms", "HarmornyHelper.forms\HarmornyHelper.forms.csproj", "{2616E5C8-95A8-46E0-A4A8-DDB87EFE5F3C}"
EndProject
Project("{FAE04EC0-301F-11D3-BF4B-00C04F79EFBC}") = "Dan’s-Big-Awesome-Acoustic-Songbook-Parser", "Dan’s-Big-Awesome-Acoustic-Songbook-Parser\Dan’s-Big-Awesome-Acoustic-Songbook-Parser.csproj", "{D17BBF64-2C4C-4260-9675-261EB4999E67}"
EndProject
Project("{FAE04EC0-301F-11D3-BF4B-00C04F79EFBC}") = "ChordProParser", "ChordProParser\ChordProParser.csproj", "{145649E6-FEE6-433D-B9F1-47F1EA513F0A}"
EndProject
Project("{FAE04EC0-301F-11D3-BF4B-00C04F79EFBC}") = "NeckDiagrams", "NeckDiagrams\NeckDiagrams.csproj", "{5D86781E-86BF-44ED-B1BF-72C208937B54}"
EndProject
Project("{FAE04EC0-301F-11D3-BF4B-00C04F79EFBC}") = "HarmonyHelper.IoC", "HarmonyHelper.IoC\HarmonyHelper.IoC.csproj", "{AC360604-5FA7-4537-8CB2-083B2046DB13}"
EndProject
Project("{FAE04EC0-301F-11D3-BF4B-00C04F79EFBC}") = "HarmonyHelper_DryWetMidi", "HarmonyHelper_DryWetMidi\HarmonyHelper_DryWetMidi.csproj", "{CEA15C21-0090-4FEF-BEE8-2A1737A46A8A}"
EndProject
Project("{FAE04EC0-301F-11D3-BF4B-00C04F79EFBC}") = "HarmonyHelper_DryWetMidiTests", "HarmonyHelper_DryWetMidiTests\HarmonyHelper_DryWetMidiTests.csproj", "{6CADA870-DDBC-4532-844A-DFD3390C1522}"
EndProject
Global
	GlobalSection(SolutionConfigurationPlatforms) = preSolution
		Debug|Any CPU = Debug|Any CPU
		Release|Any CPU = Release|Any CPU
	EndGlobalSection
	GlobalSection(ProjectConfigurationPlatforms) = postSolution
		{F86BA6D3-823E-4F2B-A602-1817F6A3DC54}.Debug|Any CPU.ActiveCfg = Debug|Any CPU
		{F86BA6D3-823E-4F2B-A602-1817F6A3DC54}.Debug|Any CPU.Build.0 = Debug|Any CPU
		{F86BA6D3-823E-4F2B-A602-1817F6A3DC54}.Release|Any CPU.ActiveCfg = Release|Any CPU
		{F86BA6D3-823E-4F2B-A602-1817F6A3DC54}.Release|Any CPU.Build.0 = Release|Any CPU
		{A179EA40-2903-4DC9-8C6A-744694961245}.Debug|Any CPU.ActiveCfg = Debug|Any CPU
		{A179EA40-2903-4DC9-8C6A-744694961245}.Debug|Any CPU.Build.0 = Debug|Any CPU
		{A179EA40-2903-4DC9-8C6A-744694961245}.Release|Any CPU.ActiveCfg = Release|Any CPU
		{A179EA40-2903-4DC9-8C6A-744694961245}.Release|Any CPU.Build.0 = Release|Any CPU
		{2299CCFD-418C-4A44-8BC1-1DBDAA4F346B}.Debug|Any CPU.ActiveCfg = Debug|Any CPU
		{2299CCFD-418C-4A44-8BC1-1DBDAA4F346B}.Release|Any CPU.ActiveCfg = Release|Any CPU
		{2299CCFD-418C-4A44-8BC1-1DBDAA4F346B}.Release|Any CPU.Build.0 = Release|Any CPU
		{3C1E28FD-EA28-45F8-A6E6-C19437CC80AD}.Debug|Any CPU.ActiveCfg = Debug|Any CPU
		{3C1E28FD-EA28-45F8-A6E6-C19437CC80AD}.Debug|Any CPU.Build.0 = Debug|Any CPU
		{3C1E28FD-EA28-45F8-A6E6-C19437CC80AD}.Release|Any CPU.ActiveCfg = Release|Any CPU
		{3C1E28FD-EA28-45F8-A6E6-C19437CC80AD}.Release|Any CPU.Build.0 = Release|Any CPU
		{7F154835-ADF7-4E03-9BAB-99CF8C64BD5B}.Debug|Any CPU.ActiveCfg = Debug|Any CPU
		{7F154835-ADF7-4E03-9BAB-99CF8C64BD5B}.Debug|Any CPU.Build.0 = Debug|Any CPU
		{7F154835-ADF7-4E03-9BAB-99CF8C64BD5B}.Release|Any CPU.ActiveCfg = Release|Any CPU
		{7F154835-ADF7-4E03-9BAB-99CF8C64BD5B}.Release|Any CPU.Build.0 = Release|Any CPU
		{2616E5C8-95A8-46E0-A4A8-DDB87EFE5F3C}.Debug|Any CPU.ActiveCfg = Debug|Any CPU
		{2616E5C8-95A8-46E0-A4A8-DDB87EFE5F3C}.Release|Any CPU.ActiveCfg = Release|Any CPU
		{2616E5C8-95A8-46E0-A4A8-DDB87EFE5F3C}.Release|Any CPU.Build.0 = Release|Any CPU
		{D17BBF64-2C4C-4260-9675-261EB4999E67}.Debug|Any CPU.ActiveCfg = Debug|Any CPU
		{D17BBF64-2C4C-4260-9675-261EB4999E67}.Debug|Any CPU.Build.0 = Debug|Any CPU
		{D17BBF64-2C4C-4260-9675-261EB4999E67}.Release|Any CPU.ActiveCfg = Release|Any CPU
		{D17BBF64-2C4C-4260-9675-261EB4999E67}.Release|Any CPU.Build.0 = Release|Any CPU
		{145649E6-FEE6-433D-B9F1-47F1EA513F0A}.Debug|Any CPU.ActiveCfg = Debug|Any CPU
		{145649E6-FEE6-433D-B9F1-47F1EA513F0A}.Debug|Any CPU.Build.0 = Debug|Any CPU
		{145649E6-FEE6-433D-B9F1-47F1EA513F0A}.Release|Any CPU.ActiveCfg = Release|Any CPU
		{145649E6-FEE6-433D-B9F1-47F1EA513F0A}.Release|Any CPU.Build.0 = Release|Any CPU
		{5D86781E-86BF-44ED-B1BF-72C208937B54}.Debug|Any CPU.ActiveCfg = Debug|Any CPU
		{5D86781E-86BF-44ED-B1BF-72C208937B54}.Debug|Any CPU.Build.0 = Debug|Any CPU
		{5D86781E-86BF-44ED-B1BF-72C208937B54}.Release|Any CPU.ActiveCfg = Release|Any CPU
		{5D86781E-86BF-44ED-B1BF-72C208937B54}.Release|Any CPU.Build.0 = Release|Any CPU
		{AC360604-5FA7-4537-8CB2-083B2046DB13}.Debug|Any CPU.ActiveCfg = Debug|Any CPU
		{AC360604-5FA7-4537-8CB2-083B2046DB13}.Debug|Any CPU.Build.0 = Debug|Any CPU
		{AC360604-5FA7-4537-8CB2-083B2046DB13}.Release|Any CPU.ActiveCfg = Release|Any CPU
		{AC360604-5FA7-4537-8CB2-083B2046DB13}.Release|Any CPU.Build.0 = Release|Any CPU
		{CEA15C21-0090-4FEF-BEE8-2A1737A46A8A}.Debug|Any CPU.ActiveCfg = Debug|Any CPU
		{CEA15C21-0090-4FEF-BEE8-2A1737A46A8A}.Debug|Any CPU.Build.0 = Debug|Any CPU
		{CEA15C21-0090-4FEF-BEE8-2A1737A46A8A}.Release|Any CPU.ActiveCfg = Release|Any CPU
		{CEA15C21-0090-4FEF-BEE8-2A1737A46A8A}.Release|Any CPU.Build.0 = Release|Any CPU
		{6CADA870-DDBC-4532-844A-DFD3390C1522}.Debug|Any CPU.ActiveCfg = Debug|Any CPU
		{6CADA870-DDBC-4532-844A-DFD3390C1522}.Debug|Any CPU.Build.0 = Debug|Any CPU
		{6CADA870-DDBC-4532-844A-DFD3390C1522}.Release|Any CPU.ActiveCfg = Release|Any CPU
		{6CADA870-DDBC-4532-844A-DFD3390C1522}.Release|Any CPU.Build.0 = Release|Any CPU
	EndGlobalSection
	GlobalSection(SolutionProperties) = preSolution
		HideSolutionNode = FALSE
	EndGlobalSection
	GlobalSection(ExtensibilityGlobals) = postSolution
		SolutionGuid = {00888077-AB00-4165-92B2-7E9015599ADC}
	EndGlobalSection
EndGlobal
