
Microsoft Visual Studio Solution File, Format Version 12.00
# Visual Studio 14
VisualStudioVersion = 14.0.25420.1
MinimumVisualStudioVersion = 10.0.40219.1
Project("{FAE04EC0-301F-11D3-BF4B-00C04F79EFBC}") = "HarmonyHelper", "HarmonyHelper\HarmonyHelper.csproj", "{F86BA6D3-823E-4F2B-A602-1817F6A3DC54}"
EndProject
Project("{FAE04EC0-301F-11D3-BF4B-00C04F79EFBC}") = "HarmonyHelper.Tests", "HarmonyHelper.Tests\HarmonyHelper.Tests.csproj", "{A179EA40-2903-4DC9-8C6A-744694961245}"
EndProject
Project("{FAE04EC0-301F-11D3-BF4B-00C04F79EFBC}") = "HarmonyHelperTests", "HarmonyHelperTests\HarmonyHelperTests.csproj", "{A35172F4-B46C-45D9-BF87-549DE9ACAD10}"
EndProject
Global
	GlobalSection(SolutionConfigurationPlatforms) = preSolution
		Debug|Any CPU = Debug|Any CPU
		Release|Any CPU = Release|Any CPU
	EndGlobalSection
	GlobalSection(ProjectConfigurationPlatforms) = postSolution
		{F86BA6D3-823E-4F2B-A602-1817F6A3DC54}.Debug|Any CPU.ActiveCfg = Debug|Any CPU
		{F86BA6D3-823E-4F2B-A602-1817F6A3DC54}.Debug|Any CPU.Build.0 = Debug|Any CPU
		{F86BA6D3-823E-4F2B-A602-1817F6A3DC54}.Release|Any CPU.ActiveCfg = Release|Any CPU
		{F86BA6D3-823E-4F2B-A602-1817F6A3DC54}.Release|Any CPU.Build.0 = Release|Any CPU
		{A179EA40-2903-4DC9-8C6A-744694961245}.Debug|Any CPU.ActiveCfg = Debug|Any CPU
		{A179EA40-2903-4DC9-8C6A-744694961245}.Debug|Any CPU.Build.0 = Debug|Any CPU
		{A179EA40-2903-4DC9-8C6A-744694961245}.Release|Any CPU.ActiveCfg = Release|Any CPU
		{A179EA40-2903-4DC9-8C6A-744694961245}.Release|Any CPU.Build.0 = Release|Any CPU
		{A35172F4-B46C-45D9-BF87-549DE9ACAD10}.Debug|Any CPU.ActiveCfg = Debug|Any CPU
		{A35172F4-B46C-45D9-BF87-549DE9ACAD10}.Debug|Any CPU.Build.0 = Debug|Any CPU
		{A35172F4-B46C-45D9-BF87-549DE9ACAD10}.Release|Any CPU.ActiveCfg = Release|Any CPU
		{A35172F4-B46C-45D9-BF87-549DE9ACAD10}.Release|Any CPU.Build.0 = Release|Any CPU
	EndGlobalSection
	GlobalSection(SolutionProperties) = preSolution
		HideSolutionNode = FALSE
	EndGlobalSection
EndGlobal
