
Microsoft Visual Studio Solution File, Format Version 12.00
# Visual Studio Version 16
VisualStudioVersion = 16.0.31313.79
MinimumVisualStudioVersion = 10.0.40219.1
Project("{FAE04EC0-301F-11D3-BF4B-00C04F79EFBC}") = "NeckDiagrams", "NeckDiagrams.csproj", "{5D86781E-86BF-44ED-B1BF-72C208937B54}"
EndProject
Global
	GlobalSection(SolutionConfigurationPlatforms) = preSolution
		Debug|Any CPU = Debug|Any CPU
		Release|Any CPU = Release|Any CPU
	EndGlobalSection
	GlobalSection(ProjectConfigurationPlatforms) = postSolution
		{5D86781E-86BF-44ED-B1BF-72C208937B54}.Debug|Any CPU.ActiveCfg = Debug|Any CPU
		{5D86781E-86BF-44ED-B1BF-72C208937B54}.Debug|Any CPU.Build.0 = Debug|Any CPU
		{5D86781E-86BF-44ED-B1BF-72C208937B54}.Release|Any CPU.ActiveCfg = Release|Any CPU
		{5D86781E-86BF-44ED-B1BF-72C208937B54}.Release|Any CPU.Build.0 = Release|Any CPU
	EndGlobalSection
	GlobalSection(SolutionProperties) = preSolution
		HideSolutionNode = FALSE
	EndGlobalSection
	GlobalSection(ExtensibilityGlobals) = postSolution
		SolutionGuid = {F838FFFE-F784-4586-A4C4-7FBF3D48B5E7}
	EndGlobalSection
EndGlobal
